
Microsoft Visual Studio Solution File, Format Version 12.00
# Visual Studio 15
VisualStudioVersion = 15.0.35213.121
MinimumVisualStudioVersion = 10.0.40219.1
Project("{FAE04EC0-301F-11D3-BF4B-00C04F79EFBC}") = "4.Soru", "4.Soru\4.Soru.csproj", "{654E6402-3118-425F-A252-119712312E88}"
EndProject
Global
	GlobalSection(SolutionConfigurationPlatforms) = preSolution
		Debug|Any CPU = Debug|Any CPU
		Release|Any CPU = Release|Any CPU
	EndGlobalSection
	GlobalSection(ProjectConfigurationPlatforms) = postSolution
		{654E6402-3118-425F-A252-119712312E88}.Debug|Any CPU.ActiveCfg = Debug|Any CPU
		{654E6402-3118-425F-A252-119712312E88}.Debug|Any CPU.Build.0 = Debug|Any CPU
		{654E6402-3118-425F-A252-119712312E88}.Release|Any CPU.ActiveCfg = Release|Any CPU
		{654E6402-3118-425F-A252-119712312E88}.Release|Any CPU.Build.0 = Release|Any CPU
	EndGlobalSection
	GlobalSection(SolutionProperties) = preSolution
		HideSolutionNode = FALSE
	EndGlobalSection
	GlobalSection(ExtensibilityGlobals) = postSolution
		SolutionGuid = {D2EC6685-6CCA-4412-A1B6-237AC5810423}
	EndGlobalSection
EndGlobal
