
Microsoft Visual Studio Solution File, Format Version 12.00
# Visual Studio 15
VisualStudioVersion = 15.0.35319.79
MinimumVisualStudioVersion = 10.0.40219.1
Project("{FAE04EC0-301F-11D3-BF4B-00C04F79EFBC}") = "AbstractClassOdev1", "AbstractClassOdev1\AbstractClassOdev1.csproj", "{D157465B-ED78-47B1-993B-C6D4E59A4FC9}"
EndProject
Global
	GlobalSection(SolutionConfigurationPlatforms) = preSolution
		Debug|Any CPU = Debug|Any CPU
		Release|Any CPU = Release|Any CPU
	EndGlobalSection
	GlobalSection(ProjectConfigurationPlatforms) = postSolution
		{D157465B-ED78-47B1-993B-C6D4E59A4FC9}.Debug|Any CPU.ActiveCfg = Debug|Any CPU
		{D157465B-ED78-47B1-993B-C6D4E59A4FC9}.Debug|Any CPU.Build.0 = Debug|Any CPU
		{D157465B-ED78-47B1-993B-C6D4E59A4FC9}.Release|Any CPU.ActiveCfg = Release|Any CPU
		{D157465B-ED78-47B1-993B-C6D4E59A4FC9}.Release|Any CPU.Build.0 = Release|Any CPU
	EndGlobalSection
	GlobalSection(SolutionProperties) = preSolution
		HideSolutionNode = FALSE
	EndGlobalSection
	GlobalSection(ExtensibilityGlobals) = postSolution
		SolutionGuid = {09DFCF1F-1AA5-4E03-83DE-52A14C716E7E}
	EndGlobalSection
EndGlobal
