
Microsoft Visual Studio Solution File, Format Version 12.00
# Visual Studio 15
VisualStudioVersion = 15.0.35319.79
MinimumVisualStudioVersion = 10.0.40219.1
Project("{FAE04EC0-301F-11D3-BF4B-00C04F79EFBC}") = "KalitimOdev2", "KalitimOdev2\KalitimOdev2.csproj", "{967B6157-761F-4B4D-8C6C-E2C1F57281A4}"
EndProject
Global
	GlobalSection(SolutionConfigurationPlatforms) = preSolution
		Debug|Any CPU = Debug|Any CPU
		Release|Any CPU = Release|Any CPU
	EndGlobalSection
	GlobalSection(ProjectConfigurationPlatforms) = postSolution
		{967B6157-761F-4B4D-8C6C-E2C1F57281A4}.Debug|Any CPU.ActiveCfg = Debug|Any CPU
		{967B6157-761F-4B4D-8C6C-E2C1F57281A4}.Debug|Any CPU.Build.0 = Debug|Any CPU
		{967B6157-761F-4B4D-8C6C-E2C1F57281A4}.Release|Any CPU.ActiveCfg = Release|Any CPU
		{967B6157-761F-4B4D-8C6C-E2C1F57281A4}.Release|Any CPU.Build.0 = Release|Any CPU
	EndGlobalSection
	GlobalSection(SolutionProperties) = preSolution
		HideSolutionNode = FALSE
	EndGlobalSection
	GlobalSection(ExtensibilityGlobals) = postSolution
		SolutionGuid = {C5981B6C-A6FC-4BBF-9C27-68BAB824D151}
	EndGlobalSection
EndGlobal
