
Microsoft Visual Studio Solution File, Format Version 12.00
# Visual Studio 15
VisualStudioVersion = 15.0.35319.79
MinimumVisualStudioVersion = 10.0.40219.1
Project("{FAE04EC0-301F-11D3-BF4B-00C04F79EFBC}") = "KalitimOdev1", "KalitimOdev1\KalitimOdev1.csproj", "{AA3191FE-A58F-4306-A1D6-0D49C1E9F6E8}"
EndProject
Global
	GlobalSection(SolutionConfigurationPlatforms) = preSolution
		Debug|Any CPU = Debug|Any CPU
		Release|Any CPU = Release|Any CPU
	EndGlobalSection
	GlobalSection(ProjectConfigurationPlatforms) = postSolution
		{AA3191FE-A58F-4306-A1D6-0D49C1E9F6E8}.Debug|Any CPU.ActiveCfg = Debug|Any CPU
		{AA3191FE-A58F-4306-A1D6-0D49C1E9F6E8}.Debug|Any CPU.Build.0 = Debug|Any CPU
		{AA3191FE-A58F-4306-A1D6-0D49C1E9F6E8}.Release|Any CPU.ActiveCfg = Release|Any CPU
		{AA3191FE-A58F-4306-A1D6-0D49C1E9F6E8}.Release|Any CPU.Build.0 = Release|Any CPU
	EndGlobalSection
	GlobalSection(SolutionProperties) = preSolution
		HideSolutionNode = FALSE
	EndGlobalSection
	GlobalSection(ExtensibilityGlobals) = postSolution
		SolutionGuid = {112FF835-7CF2-44A9-BF87-D306CB8A8923}
	EndGlobalSection
EndGlobal
