
Microsoft Visual Studio Solution File, Format Version 12.00
# Visual Studio 15
VisualStudioVersion = 15.0.35213.121
MinimumVisualStudioVersion = 10.0.40219.1
Project("{FAE04EC0-301F-11D3-BF4B-00C04F79EFBC}") = "7.Soru", "7.Soru\7.Soru.csproj", "{1F9D5206-627D-43A8-AE10-4BF048A1CC8B}"
EndProject
Global
	GlobalSection(SolutionConfigurationPlatforms) = preSolution
		Debug|Any CPU = Debug|Any CPU
		Release|Any CPU = Release|Any CPU
	EndGlobalSection
	GlobalSection(ProjectConfigurationPlatforms) = postSolution
		{1F9D5206-627D-43A8-AE10-4BF048A1CC8B}.Debug|Any CPU.ActiveCfg = Debug|Any CPU
		{1F9D5206-627D-43A8-AE10-4BF048A1CC8B}.Debug|Any CPU.Build.0 = Debug|Any CPU
		{1F9D5206-627D-43A8-AE10-4BF048A1CC8B}.Release|Any CPU.ActiveCfg = Release|Any CPU
		{1F9D5206-627D-43A8-AE10-4BF048A1CC8B}.Release|Any CPU.Build.0 = Release|Any CPU
	EndGlobalSection
	GlobalSection(SolutionProperties) = preSolution
		HideSolutionNode = FALSE
	EndGlobalSection
	GlobalSection(ExtensibilityGlobals) = postSolution
		SolutionGuid = {6808A1C0-4275-474D-9D1D-6B36C580559F}
	EndGlobalSection
EndGlobal
