
Microsoft Visual Studio Solution File, Format Version 12.00
# Visual Studio 15
VisualStudioVersion = 15.0.35319.79
MinimumVisualStudioVersion = 10.0.40219.1
Project("{FAE04EC0-301F-11D3-BF4B-00C04F79EFBC}") = "5.Soru", "5.Soru\5.Soru.csproj", "{EE54634D-5CA5-4EAC-8BA4-ADB3BCF3953C}"
EndProject
Global
	GlobalSection(SolutionConfigurationPlatforms) = preSolution
		Debug|Any CPU = Debug|Any CPU
		Release|Any CPU = Release|Any CPU
	EndGlobalSection
	GlobalSection(ProjectConfigurationPlatforms) = postSolution
		{EE54634D-5CA5-4EAC-8BA4-ADB3BCF3953C}.Debug|Any CPU.ActiveCfg = Debug|Any CPU
		{EE54634D-5CA5-4EAC-8BA4-ADB3BCF3953C}.Debug|Any CPU.Build.0 = Debug|Any CPU
		{EE54634D-5CA5-4EAC-8BA4-ADB3BCF3953C}.Release|Any CPU.ActiveCfg = Release|Any CPU
		{EE54634D-5CA5-4EAC-8BA4-ADB3BCF3953C}.Release|Any CPU.Build.0 = Release|Any CPU
	EndGlobalSection
	GlobalSection(SolutionProperties) = preSolution
		HideSolutionNode = FALSE
	EndGlobalSection
	GlobalSection(ExtensibilityGlobals) = postSolution
		SolutionGuid = {2B9AD1BA-601B-4FF4-B0A6-70C9C1BBCE68}
	EndGlobalSection
EndGlobal
