
Microsoft Visual Studio Solution File, Format Version 12.00
# Visual Studio 15
VisualStudioVersion = 15.0.35319.79
MinimumVisualStudioVersion = 10.0.40219.1
Project("{FAE04EC0-301F-11D3-BF4B-00C04F79EFBC}") = "2_3_Ornek", "2_3_Ornek\2_3_Ornek.csproj", "{2BDE62FC-FF29-4CEF-A04A-85962A436B4A}"
EndProject
Global
	GlobalSection(SolutionConfigurationPlatforms) = preSolution
		Debug|Any CPU = Debug|Any CPU
		Release|Any CPU = Release|Any CPU
	EndGlobalSection
	GlobalSection(ProjectConfigurationPlatforms) = postSolution
		{2BDE62FC-FF29-4CEF-A04A-85962A436B4A}.Debug|Any CPU.ActiveCfg = Debug|Any CPU
		{2BDE62FC-FF29-4CEF-A04A-85962A436B4A}.Debug|Any CPU.Build.0 = Debug|Any CPU
		{2BDE62FC-FF29-4CEF-A04A-85962A436B4A}.Release|Any CPU.ActiveCfg = Release|Any CPU
		{2BDE62FC-FF29-4CEF-A04A-85962A436B4A}.Release|Any CPU.Build.0 = Release|Any CPU
	EndGlobalSection
	GlobalSection(SolutionProperties) = preSolution
		HideSolutionNode = FALSE
	EndGlobalSection
	GlobalSection(ExtensibilityGlobals) = postSolution
		SolutionGuid = {994ACBC6-E825-40B6-BB09-69915D429FA6}
	EndGlobalSection
EndGlobal
