
Microsoft Visual Studio Solution File, Format Version 12.00
# Visual Studio 15
VisualStudioVersion = 15.0.35213.121
MinimumVisualStudioVersion = 10.0.40219.1
Project("{FAE04EC0-301F-11D3-BF4B-00C04F79EFBC}") = "1Hafta_Soru2", "1Hafta_Soru2\1Hafta_Soru2.csproj", "{237ABEC2-97AC-4C3C-B89B-37102F87B148}"
EndProject
Global
	GlobalSection(SolutionConfigurationPlatforms) = preSolution
		Debug|Any CPU = Debug|Any CPU
		Release|Any CPU = Release|Any CPU
	EndGlobalSection
	GlobalSection(ProjectConfigurationPlatforms) = postSolution
		{237ABEC2-97AC-4C3C-B89B-37102F87B148}.Debug|Any CPU.ActiveCfg = Debug|Any CPU
		{237ABEC2-97AC-4C3C-B89B-37102F87B148}.Debug|Any CPU.Build.0 = Debug|Any CPU
		{237ABEC2-97AC-4C3C-B89B-37102F87B148}.Release|Any CPU.ActiveCfg = Release|Any CPU
		{237ABEC2-97AC-4C3C-B89B-37102F87B148}.Release|Any CPU.Build.0 = Release|Any CPU
	EndGlobalSection
	GlobalSection(SolutionProperties) = preSolution
		HideSolutionNode = FALSE
	EndGlobalSection
	GlobalSection(ExtensibilityGlobals) = postSolution
		SolutionGuid = {F371C606-CFC5-4897-8B50-02C898B19920}
	EndGlobalSection
EndGlobal
