
Microsoft Visual Studio Solution File, Format Version 12.00
# Visual Studio 15
VisualStudioVersion = 15.0.35319.79
MinimumVisualStudioVersion = 10.0.40219.1
Project("{FAE04EC0-301F-11D3-BF4B-00C04F79EFBC}") = "1.Soru", "1.Soru\1.Soru.csproj", "{F4247AD0-52BD-4A9D-B436-9CA521623F09}"
EndProject
Global
	GlobalSection(SolutionConfigurationPlatforms) = preSolution
		Debug|Any CPU = Debug|Any CPU
		Release|Any CPU = Release|Any CPU
	EndGlobalSection
	GlobalSection(ProjectConfigurationPlatforms) = postSolution
		{F4247AD0-52BD-4A9D-B436-9CA521623F09}.Debug|Any CPU.ActiveCfg = Debug|Any CPU
		{F4247AD0-52BD-4A9D-B436-9CA521623F09}.Debug|Any CPU.Build.0 = Debug|Any CPU
		{F4247AD0-52BD-4A9D-B436-9CA521623F09}.Release|Any CPU.ActiveCfg = Release|Any CPU
		{F4247AD0-52BD-4A9D-B436-9CA521623F09}.Release|Any CPU.Build.0 = Release|Any CPU
	EndGlobalSection
	GlobalSection(SolutionProperties) = preSolution
		HideSolutionNode = FALSE
	EndGlobalSection
	GlobalSection(ExtensibilityGlobals) = postSolution
		SolutionGuid = {968F3701-3057-472E-A79B-71D497B54730}
	EndGlobalSection
EndGlobal
