
Microsoft Visual Studio Solution File, Format Version 12.00
# Visual Studio 15
VisualStudioVersion = 15.0.35319.79
MinimumVisualStudioVersion = 10.0.40219.1
Project("{FAE04EC0-301F-11D3-BF4B-00C04F79EFBC}") = "AbstractClassOdev2", "AbstractClassOdev2\AbstractClassOdev2.csproj", "{497E571F-9FA7-47DD-8FC7-9D59D90B704E}"
EndProject
Global
	GlobalSection(SolutionConfigurationPlatforms) = preSolution
		Debug|Any CPU = Debug|Any CPU
		Release|Any CPU = Release|Any CPU
	EndGlobalSection
	GlobalSection(ProjectConfigurationPlatforms) = postSolution
		{497E571F-9FA7-47DD-8FC7-9D59D90B704E}.Debug|Any CPU.ActiveCfg = Debug|Any CPU
		{497E571F-9FA7-47DD-8FC7-9D59D90B704E}.Debug|Any CPU.Build.0 = Debug|Any CPU
		{497E571F-9FA7-47DD-8FC7-9D59D90B704E}.Release|Any CPU.ActiveCfg = Release|Any CPU
		{497E571F-9FA7-47DD-8FC7-9D59D90B704E}.Release|Any CPU.Build.0 = Release|Any CPU
	EndGlobalSection
	GlobalSection(SolutionProperties) = preSolution
		HideSolutionNode = FALSE
	EndGlobalSection
	GlobalSection(ExtensibilityGlobals) = postSolution
		SolutionGuid = {E95A7C7F-FE10-4CE7-9E45-9FA2DD9D7B03}
	EndGlobalSection
EndGlobal
